
Microsoft Visual Studio Solution File, Format Version 12.00
# Visual Studio Version 16
VisualStudioVersion = 16.0.32228.343
MinimumVisualStudioVersion = 10.0.40219.1
Project("{FAE04EC0-301F-11D3-BF4B-00C04F79EFBC}") = "ConsoleApp10", "ConsoleApp10\ConsoleApp10.csproj", "{3C2F1F8B-EB29-4A28-BF7F-C5EA6D1994CF}"
EndProject
Global
	GlobalSection(SolutionConfigurationPlatforms) = preSolution
		Debug|Any CPU = Debug|Any CPU
		Release|Any CPU = Release|Any CPU
	EndGlobalSection
	GlobalSection(ProjectConfigurationPlatforms) = postSolution
		{3C2F1F8B-EB29-4A28-BF7F-C5EA6D1994CF}.Debug|Any CPU.ActiveCfg = Debug|Any CPU
		{3C2F1F8B-EB29-4A28-BF7F-C5EA6D1994CF}.Debug|Any CPU.Build.0 = Debug|Any CPU
		{3C2F1F8B-EB29-4A28-BF7F-C5EA6D1994CF}.Release|Any CPU.ActiveCfg = Release|Any CPU
		{3C2F1F8B-EB29-4A28-BF7F-C5EA6D1994CF}.Release|Any CPU.Build.0 = Release|Any CPU
	EndGlobalSection
	GlobalSection(SolutionProperties) = preSolution
		HideSolutionNode = FALSE
	EndGlobalSection
	GlobalSection(ExtensibilityGlobals) = postSolution
		SolutionGuid = {C56D3C44-7881-4570-AC6E-05EB3F826A1A}
	EndGlobalSection
EndGlobal
